
Microsoft Visual Studio Solution File, Format Version 12.00
# Visual Studio Version 16
VisualStudioVersion = 16.0.30413.136
MinimumVisualStudioVersion = 10.0.40219.1
Project("{9A19103F-16F7-4668-BE54-9A1E7A4F7556}") = "FirstResponsiveWebAppHochstetler", "FirstResponsiveWebAppHochstetler.csproj", "{B2CA7496-EAC2-4BCC-9EA9-A61156C412D4}"
EndProject
Project("{9A19103F-16F7-4668-BE54-9A1E7A4F7556}") = "MyFirstXUnit", "..\MyFirstXUnit\MyFirstXUnit.csproj", "{5AB4C37A-32BB-466D-9299-03BA64542BD1}"
EndProject
Global
	GlobalSection(SolutionConfigurationPlatforms) = preSolution
		Debug|Any CPU = Debug|Any CPU
		Release|Any CPU = Release|Any CPU
	EndGlobalSection
	GlobalSection(ProjectConfigurationPlatforms) = postSolution
		{B2CA7496-EAC2-4BCC-9EA9-A61156C412D4}.Debug|Any CPU.ActiveCfg = Debug|Any CPU
		{B2CA7496-EAC2-4BCC-9EA9-A61156C412D4}.Debug|Any CPU.Build.0 = Debug|Any CPU
		{B2CA7496-EAC2-4BCC-9EA9-A61156C412D4}.Release|Any CPU.ActiveCfg = Release|Any CPU
		{B2CA7496-EAC2-4BCC-9EA9-A61156C412D4}.Release|Any CPU.Build.0 = Release|Any CPU
		{5AB4C37A-32BB-466D-9299-03BA64542BD1}.Debug|Any CPU.ActiveCfg = Debug|Any CPU
		{5AB4C37A-32BB-466D-9299-03BA64542BD1}.Debug|Any CPU.Build.0 = Debug|Any CPU
		{5AB4C37A-32BB-466D-9299-03BA64542BD1}.Release|Any CPU.ActiveCfg = Release|Any CPU
		{5AB4C37A-32BB-466D-9299-03BA64542BD1}.Release|Any CPU.Build.0 = Release|Any CPU
	EndGlobalSection
	GlobalSection(SolutionProperties) = preSolution
		HideSolutionNode = FALSE
	EndGlobalSection
	GlobalSection(ExtensibilityGlobals) = postSolution
		SolutionGuid = {406333B4-5D40-43FF-B481-449C55EA53DC}
	EndGlobalSection
EndGlobal
